
Microsoft Visual Studio Solution File, Format Version 12.00
# Visual Studio Version 17
VisualStudioVersion = 17.4.33122.133
MinimumVisualStudioVersion = 10.0.40219.1
Project("{FAE04EC0-301F-11D3-BF4B-00C04F79EFBC}") = "gsbRapports2", "gsbRapports2\gsbRapports2.csproj", "{AEE6AE02-F4BB-4394-9EEF-E00F4631C5CA}"
EndProject
Global
	GlobalSection(SolutionConfigurationPlatforms) = preSolution
		Debug|Any CPU = Debug|Any CPU
		Release|Any CPU = Release|Any CPU
	EndGlobalSection
	GlobalSection(ProjectConfigurationPlatforms) = postSolution
		{AEE6AE02-F4BB-4394-9EEF-E00F4631C5CA}.Debug|Any CPU.ActiveCfg = Debug|Any CPU
		{AEE6AE02-F4BB-4394-9EEF-E00F4631C5CA}.Debug|Any CPU.Build.0 = Debug|Any CPU
		{AEE6AE02-F4BB-4394-9EEF-E00F4631C5CA}.Release|Any CPU.ActiveCfg = Release|Any CPU
		{AEE6AE02-F4BB-4394-9EEF-E00F4631C5CA}.Release|Any CPU.Build.0 = Release|Any CPU
	EndGlobalSection
	GlobalSection(SolutionProperties) = preSolution
		HideSolutionNode = FALSE
	EndGlobalSection
	GlobalSection(ExtensibilityGlobals) = postSolution
		SolutionGuid = {D873A92B-B7E0-41EE-BB46-9E35955E73FC}
	EndGlobalSection
EndGlobal
